
Microsoft Visual Studio Solution File, Format Version 12.00
# Visual Studio Version 17
VisualStudioVersion = 17.8.34309.116
MinimumVisualStudioVersion = 10.0.40219.1
Project("{FAE04EC0-301F-11D3-BF4B-00C04F79EFBC}") = "Bridge", "Bridge\Bridge.csproj", "{DEFBD0AE-4C06-4CAB-9B04-0598CADCEA81}"
EndProject
Global
	GlobalSection(SolutionConfigurationPlatforms) = preSolution
		Debug|Any CPU = Debug|Any CPU
		Release|Any CPU = Release|Any CPU
	EndGlobalSection
	GlobalSection(ProjectConfigurationPlatforms) = postSolution
		{DEFBD0AE-4C06-4CAB-9B04-0598CADCEA81}.Debug|Any CPU.ActiveCfg = Debug|Any CPU
		{DEFBD0AE-4C06-4CAB-9B04-0598CADCEA81}.Debug|Any CPU.Build.0 = Debug|Any CPU
		{DEFBD0AE-4C06-4CAB-9B04-0598CADCEA81}.Release|Any CPU.ActiveCfg = Release|Any CPU
		{DEFBD0AE-4C06-4CAB-9B04-0598CADCEA81}.Release|Any CPU.Build.0 = Release|Any CPU
	EndGlobalSection
	GlobalSection(SolutionProperties) = preSolution
		HideSolutionNode = FALSE
	EndGlobalSection
	GlobalSection(ExtensibilityGlobals) = postSolution
		SolutionGuid = {C5193BDA-DE1A-46E9-8260-6687C27AEFFB}
	EndGlobalSection
EndGlobal
