
Microsoft Visual Studio Solution File, Format Version 12.00
# Visual Studio Version 17
VisualStudioVersion = 17.8.34309.116
MinimumVisualStudioVersion = 10.0.40219.1
Project("{FAE04EC0-301F-11D3-BF4B-00C04F79EFBC}") = "Composite", "Composite\Composite.csproj", "{8BAD9399-04C1-4C06-8B75-780EAB58D57C}"
EndProject
Global
	GlobalSection(SolutionConfigurationPlatforms) = preSolution
		Debug|Any CPU = Debug|Any CPU
		Release|Any CPU = Release|Any CPU
	EndGlobalSection
	GlobalSection(ProjectConfigurationPlatforms) = postSolution
		{8BAD9399-04C1-4C06-8B75-780EAB58D57C}.Debug|Any CPU.ActiveCfg = Debug|Any CPU
		{8BAD9399-04C1-4C06-8B75-780EAB58D57C}.Debug|Any CPU.Build.0 = Debug|Any CPU
		{8BAD9399-04C1-4C06-8B75-780EAB58D57C}.Release|Any CPU.ActiveCfg = Release|Any CPU
		{8BAD9399-04C1-4C06-8B75-780EAB58D57C}.Release|Any CPU.Build.0 = Release|Any CPU
	EndGlobalSection
	GlobalSection(SolutionProperties) = preSolution
		HideSolutionNode = FALSE
	EndGlobalSection
	GlobalSection(ExtensibilityGlobals) = postSolution
		SolutionGuid = {7C66B81F-63FA-4FC1-85E2-2B600F28DCC9}
	EndGlobalSection
EndGlobal
